
Microsoft Visual Studio Solution File, Format Version 12.00
# Visual Studio Version 17
VisualStudioVersion = 17.11.35312.102
MinimumVisualStudioVersion = 10.0.40219.1
Project("{9A19103F-16F7-4668-BE54-9A1E7A4F7556}") = "Delegates.TreeTraversal", "Delegates.TreeTraversal.csproj", "{121E6F26-C78F-4C5B-93B4-A722F334CA18}"
EndProject
Global
	GlobalSection(SolutionConfigurationPlatforms) = preSolution
		Debug|Any CPU = Debug|Any CPU
		Release|Any CPU = Release|Any CPU
	EndGlobalSection
	GlobalSection(ProjectConfigurationPlatforms) = postSolution
		{121E6F26-C78F-4C5B-93B4-A722F334CA18}.Debug|Any CPU.ActiveCfg = Debug|Any CPU
		{121E6F26-C78F-4C5B-93B4-A722F334CA18}.Debug|Any CPU.Build.0 = Debug|Any CPU
		{121E6F26-C78F-4C5B-93B4-A722F334CA18}.Release|Any CPU.ActiveCfg = Release|Any CPU
		{121E6F26-C78F-4C5B-93B4-A722F334CA18}.Release|Any CPU.Build.0 = Release|Any CPU
	EndGlobalSection
	GlobalSection(SolutionProperties) = preSolution
		HideSolutionNode = FALSE
	EndGlobalSection
	GlobalSection(ExtensibilityGlobals) = postSolution
		SolutionGuid = {A203CED6-3922-495B-A1DA-A049E67246CD}
	EndGlobalSection
EndGlobal
