
Microsoft Visual Studio Solution File, Format Version 12.00
# Visual Studio Version 17
VisualStudioVersion = 17.3.32825.248
MinimumVisualStudioVersion = 10.0.40219.1
Project("{9A19103F-16F7-4668-BE54-9A1E7A4F7556}") = "Incapsulation.EnterpriseTask", "Incapsulation.EnterpriseTask.csproj", "{2CDE5633-7C22-424B-8E28-4A3A205EC6D1}"
EndProject
Global
	GlobalSection(SolutionConfigurationPlatforms) = preSolution
		Debug|Any CPU = Debug|Any CPU
		Release|Any CPU = Release|Any CPU
	EndGlobalSection
	GlobalSection(ProjectConfigurationPlatforms) = postSolution
		{2CDE5633-7C22-424B-8E28-4A3A205EC6D1}.Debug|Any CPU.ActiveCfg = Debug|Any CPU
		{2CDE5633-7C22-424B-8E28-4A3A205EC6D1}.Debug|Any CPU.Build.0 = Debug|Any CPU
		{2CDE5633-7C22-424B-8E28-4A3A205EC6D1}.Release|Any CPU.ActiveCfg = Release|Any CPU
		{2CDE5633-7C22-424B-8E28-4A3A205EC6D1}.Release|Any CPU.Build.0 = Release|Any CPU
	EndGlobalSection
	GlobalSection(SolutionProperties) = preSolution
		HideSolutionNode = FALSE
	EndGlobalSection
	GlobalSection(ExtensibilityGlobals) = postSolution
		SolutionGuid = {4301A38A-1237-40FE-A3C7-DA554E37C8BB}
	EndGlobalSection
EndGlobal
